
Microsoft Visual Studio Solution File, Format Version 12.00
Project("{FAE04EC0-301F-11D3-BF4B-00C04F79EFBC}") = "ShoppingListAPI", "ShoppingListAPI.csproj", "{D023D2BF-2F91-4C59-B514-48B762D73ED9}"
EndProject
Global
	GlobalSection(SolutionConfigurationPlatforms) = preSolution
		Debug|Any CPU = Debug|Any CPU
		Release|Any CPU = Release|Any CPU
	EndGlobalSection
	GlobalSection(ProjectConfigurationPlatforms) = postSolution
		{D023D2BF-2F91-4C59-B514-48B762D73ED9}.Debug|Any CPU.ActiveCfg = Debug|Any CPU
		{D023D2BF-2F91-4C59-B514-48B762D73ED9}.Debug|Any CPU.Build.0 = Debug|Any CPU
		{D023D2BF-2F91-4C59-B514-48B762D73ED9}.Release|Any CPU.ActiveCfg = Release|Any CPU
		{D023D2BF-2F91-4C59-B514-48B762D73ED9}.Release|Any CPU.Build.0 = Release|Any CPU
	EndGlobalSection
EndGlobal
